
Microsoft Visual Studio Solution File, Format Version 12.00
# Visual Studio Version 17
VisualStudioVersion = 17.11.35222.181
MinimumVisualStudioVersion = 10.0.40219.1
Project("{9A19103F-16F7-4668-BE54-9A1E7A4F7556}") = "DeLavant-CourseWeb", "DeLavant-CourseWeb.csproj", "{DAD109B7-C845-4D85-A8D2-19DFDC8960D4}"
EndProject
Global
	GlobalSection(SolutionConfigurationPlatforms) = preSolution
		Debug|Any CPU = Debug|Any CPU
		Release|Any CPU = Release|Any CPU
	EndGlobalSection
	GlobalSection(ProjectConfigurationPlatforms) = postSolution
		{DAD109B7-C845-4D85-A8D2-19DFDC8960D4}.Debug|Any CPU.ActiveCfg = Debug|Any CPU
		{DAD109B7-C845-4D85-A8D2-19DFDC8960D4}.Debug|Any CPU.Build.0 = Debug|Any CPU
		{DAD109B7-C845-4D85-A8D2-19DFDC8960D4}.Release|Any CPU.ActiveCfg = Release|Any CPU
		{DAD109B7-C845-4D85-A8D2-19DFDC8960D4}.Release|Any CPU.Build.0 = Release|Any CPU
	EndGlobalSection
	GlobalSection(SolutionProperties) = preSolution
		HideSolutionNode = FALSE
	EndGlobalSection
	GlobalSection(ExtensibilityGlobals) = postSolution
		SolutionGuid = {32009725-20FD-416E-AFF8-1A464576A95B}
	EndGlobalSection
EndGlobal
